
Microsoft Visual Studio Solution File, Format Version 12.00
# Visual Studio 14
VisualStudioVersion = 14.0.25420.1
MinimumVisualStudioVersion = 10.0.40219.1
Project("{FAE04EC0-301F-11D3-BF4B-00C04F79EFBC}") = "SimpleMathService", "SimpleMathService\SimpleMathService.csproj", "{63D185C4-B5EB-4216-8480-389261ABB3DA}"
EndProject
Project("{FAE04EC0-301F-11D3-BF4B-00C04F79EFBC}") = "SimpleMathServiceHost", "SimpleMathServiceHost\SimpleMathServiceHost.csproj", "{4E5283AC-9014-4F85-8278-FA860B43BB42}"
EndProject
Project("{FAE04EC0-301F-11D3-BF4B-00C04F79EFBC}") = "SimpleMathClient", "SimpleMathClient\SimpleMathClient.csproj", "{8320D73F-617B-40B4-B050-EB84556C65F0}"
EndProject
Global
	GlobalSection(SolutionConfigurationPlatforms) = preSolution
		Debug|Any CPU = Debug|Any CPU
		Release|Any CPU = Release|Any CPU
	EndGlobalSection
	GlobalSection(ProjectConfigurationPlatforms) = postSolution
		{63D185C4-B5EB-4216-8480-389261ABB3DA}.Debug|Any CPU.ActiveCfg = Debug|Any CPU
		{63D185C4-B5EB-4216-8480-389261ABB3DA}.Debug|Any CPU.Build.0 = Debug|Any CPU
		{63D185C4-B5EB-4216-8480-389261ABB3DA}.Release|Any CPU.ActiveCfg = Release|Any CPU
		{63D185C4-B5EB-4216-8480-389261ABB3DA}.Release|Any CPU.Build.0 = Release|Any CPU
		{4E5283AC-9014-4F85-8278-FA860B43BB42}.Debug|Any CPU.ActiveCfg = Debug|Any CPU
		{4E5283AC-9014-4F85-8278-FA860B43BB42}.Debug|Any CPU.Build.0 = Debug|Any CPU
		{4E5283AC-9014-4F85-8278-FA860B43BB42}.Release|Any CPU.ActiveCfg = Release|Any CPU
		{4E5283AC-9014-4F85-8278-FA860B43BB42}.Release|Any CPU.Build.0 = Release|Any CPU
		{8320D73F-617B-40B4-B050-EB84556C65F0}.Debug|Any CPU.ActiveCfg = Debug|Any CPU
		{8320D73F-617B-40B4-B050-EB84556C65F0}.Debug|Any CPU.Build.0 = Debug|Any CPU
		{8320D73F-617B-40B4-B050-EB84556C65F0}.Release|Any CPU.ActiveCfg = Release|Any CPU
		{8320D73F-617B-40B4-B050-EB84556C65F0}.Release|Any CPU.Build.0 = Release|Any CPU
	EndGlobalSection
	GlobalSection(SolutionProperties) = preSolution
		HideSolutionNode = FALSE
	EndGlobalSection
EndGlobal
